// !$*UTF8*$!
{
	archiveVersion = 1;
	classes = {
	};
	objectVersion = 48;
	objects = {

/* Begin PBXBuildFile section */
		3A46ADD31FBA4A19006F4226 /* simulator.cpp in Sources */ = {isa = PBXBuildFile; fileRef = 3A46ADD21FBA4A19006F4226 /* simulator.cpp */; };
		3A9D48201FBB35B500C44093 /* r_instruction.cpp in Sources */ = {isa = PBXBuildFile; fileRef = 3A9D481E1FBB35B500C44093 /* r_instruction.cpp */; };
		3A9D48231FBB994800C44093 /* j_instruction.cpp in Sources */ = {isa = PBXBuildFile; fileRef = 3A9D48211FBB994800C44093 /* j_instruction.cpp */; };
		3A9D48261FBB995A00C44093 /* i_instruction.cpp in Sources */ = {isa = PBXBuildFile; fileRef = 3A9D48241FBB995A00C44093 /* i_instruction.cpp */; };
/* End PBXBuildFile section */

/* Begin PBXCopyFilesBuildPhase section */
		3AEEF8AA1FBA49FA008031D3 /* CopyFiles */ = {
			isa = PBXCopyFilesBuildPhase;
			buildActionMask = 2147483647;
			dstPath = /usr/share/man/man1/;
			dstSubfolderSpec = 0;
			files = (
			);
			runOnlyForDeploymentPostprocessing = 1;
		};
/* End PBXCopyFilesBuildPhase section */

/* Begin PBXFileReference section */
		3A46ADD21FBA4A19006F4226 /* simulator.cpp */ = {isa = PBXFileReference; fileEncoding = 4; lastKnownFileType = sourcecode.cpp.cpp; path = simulator.cpp; sourceTree = "<group>"; };
		3A9842941FD6DA6700DB0E52 /* 1st.bin */ = {isa = PBXFileReference; lastKnownFileType = archive.macbinary; path = 1st.bin; sourceTree = "<group>"; };
		3A9D481E1FBB35B500C44093 /* r_instruction.cpp */ = {isa = PBXFileReference; lastKnownFileType = sourcecode.cpp.cpp; path = r_instruction.cpp; sourceTree = "<group>"; };
		3A9D481F1FBB35B500C44093 /* r_instruction.hpp */ = {isa = PBXFileReference; lastKnownFileType = sourcecode.cpp.h; path = r_instruction.hpp; sourceTree = "<group>"; };
		3A9D48211FBB994800C44093 /* j_instruction.cpp */ = {isa = PBXFileReference; lastKnownFileType = sourcecode.cpp.cpp; path = j_instruction.cpp; sourceTree = "<group>"; };
		3A9D48221FBB994800C44093 /* j_instruction.hpp */ = {isa = PBXFileReference; lastKnownFileType = sourcecode.cpp.h; path = j_instruction.hpp; sourceTree = "<group>"; };
		3A9D48241FBB995A00C44093 /* i_instruction.cpp */ = {isa = PBXFileReference; lastKnownFileType = sourcecode.cpp.cpp; path = i_instruction.cpp; sourceTree = "<group>"; };
		3A9D48251FBB995A00C44093 /* i_instruction.hpp */ = {isa = PBXFileReference; lastKnownFileType = sourcecode.cpp.h; path = i_instruction.hpp; sourceTree = "<group>"; };
		3AEEF8AC1FBA49FA008031D3 /* project */ = {isa = PBXFileReference; explicitFileType = "compiled.mach-o.executable"; includeInIndex = 0; path = project; sourceTree = BUILT_PRODUCTS_DIR; };
		3AFE6BC61FD95F5D001B88D3 /* Bin-Harry */ = {isa = PBXFileReference; lastKnownFileType = folder; name = "Bin-Harry"; path = "../Bin-Harry"; sourceTree = "<group>"; };
/* End PBXFileReference section */

/* Begin PBXFrameworksBuildPhase section */
		3AEEF8A91FBA49FA008031D3 /* Frameworks */ = {
			isa = PBXFrameworksBuildPhase;
			buildActionMask = 2147483647;
			files = (
			);
			runOnlyForDeploymentPostprocessing = 0;
		};
/* End PBXFrameworksBuildPhase section */

/* Begin PBXGroup section */
		3AEEF8A31FBA49FA008031D3 = {
			isa = PBXGroup;
			children = (
				3AEEF8AD1FBA49FA008031D3 /* Products */,
				3A46ADD21FBA4A19006F4226 /* simulator.cpp */,
				3A9D481F1FBB35B500C44093 /* r_instruction.hpp */,
				3A9D481E1FBB35B500C44093 /* r_instruction.cpp */,
				3A9D48251FBB995A00C44093 /* i_instruction.hpp */,
				3A9D48241FBB995A00C44093 /* i_instruction.cpp */,
				3A9D48221FBB994800C44093 /* j_instruction.hpp */,
				3A9D48211FBB994800C44093 /* j_instruction.cpp */,
				3A9842941FD6DA6700DB0E52 /* 1st.bin */,
				3AFE6BC61FD95F5D001B88D3 /* Bin-Harry */,
			);
			sourceTree = "<group>";
		};
		3AEEF8AD1FBA49FA008031D3 /* Products */ = {
			isa = PBXGroup;
			children = (
				3AEEF8AC1FBA49FA008031D3 /* project */,
			);
			name = Products;
			sourceTree = "<group>";
		};
/* End PBXGroup section */

/* Begin PBXNativeTarget section */
		3AEEF8AB1FBA49FA008031D3 /* project */ = {
			isa = PBXNativeTarget;
			buildConfigurationList = 3AEEF8B31FBA49FA008031D3 /* Build configuration list for PBXNativeTarget "project" */;
			buildPhases = (
				3AEEF8A81FBA49FA008031D3 /* Sources */,
				3AEEF8A91FBA49FA008031D3 /* Frameworks */,
				3AEEF8AA1FBA49FA008031D3 /* CopyFiles */,
			);
			buildRules = (
			);
			dependencies = (
			);
			name = project;
			productName = project;
			productReference = 3AEEF8AC1FBA49FA008031D3 /* project */;
			productType = "com.apple.product-type.tool";
		};
/* End PBXNativeTarget section */

/* Begin PBXProject section */
		3AEEF8A41FBA49FA008031D3 /* Project object */ = {
			isa = PBXProject;
			attributes = {
				LastUpgradeCheck = 0910;
				ORGANIZATIONNAME = "Harrison Ankers";
				TargetAttributes = {
					3AEEF8AB1FBA49FA008031D3 = {
						CreatedOnToolsVersion = 9.1;
						ProvisioningStyle = Automatic;
					};
				};
			};
			buildConfigurationList = 3AEEF8A71FBA49FA008031D3 /* Build configuration list for PBXProject "project" */;
			compatibilityVersion = "Xcode 8.0";
			developmentRegion = en;
			hasScannedForEncodings = 0;
			knownRegions = (
				en,
			);
			mainGroup = 3AEEF8A31FBA49FA008031D3;
			productRefGroup = 3AEEF8AD1FBA49FA008031D3 /* Products */;
			projectDirPath = "";
			projectRoot = "";
			targets = (
				3AEEF8AB1FBA49FA008031D3 /* project */,
			);
		};
/* End PBXProject section */

/* Begin PBXSourcesBuildPhase section */
		3AEEF8A81FBA49FA008031D3 /* Sources */ = {
			isa = PBXSourcesBuildPhase;
			buildActionMask = 2147483647;
			files = (
				3A9D48261FBB995A00C44093 /* i_instruction.cpp in Sources */,
				3A9D48201FBB35B500C44093 /* r_instruction.cpp in Sources */,
				3A46ADD31FBA4A19006F4226 /* simulator.cpp in Sources */,
				3A9D48231FBB994800C44093 /* j_instruction.cpp in Sources */,
			);
			runOnlyForDeploymentPostprocessing = 0;
		};
/* End PBXSourcesBuildPhase section */

/* Begin XCBuildConfiguration section */
		3AEEF8B11FBA49FA008031D3 /* Debug */ = {
			isa = XCBuildConfiguration;
			buildSettings = {
				ALWAYS_SEARCH_USER_PATHS = NO;
				CLANG_ANALYZER_NONNULL = YES;
				CLANG_ANALYZER_NUMBER_OBJECT_CONVERSION = YES_AGGRESSIVE;
				CLANG_CXX_LANGUAGE_STANDARD = "gnu++14";
				CLANG_CXX_LIBRARY = "libc++";
				CLANG_ENABLE_MODULES = YES;
				CLANG_ENABLE_OBJC_ARC = YES;
				CLANG_WARN_BLOCK_CAPTURE_AUTORELEASING = YES;
				CLANG_WARN_BOOL_CONVERSION = YES;
				CLANG_WARN_COMMA = YES;
				CLANG_WARN_CONSTANT_CONVERSION = YES;
				CLANG_WARN_DIRECT_OBJC_ISA_USAGE = YES_ERROR;
				CLANG_WARN_DOCUMENTATION_COMMENTS = YES;
				CLANG_WARN_EMPTY_BODY = YES;
				CLANG_WARN_ENUM_CONVERSION = YES;
				CLANG_WARN_INFINITE_RECURSION = YES;
				CLANG_WARN_INT_CONVERSION = YES;
				CLANG_WARN_NON_LITERAL_NULL_CONVERSION = YES;
				CLANG_WARN_OBJC_LITERAL_CONVERSION = YES;
				CLANG_WARN_OBJC_ROOT_CLASS = YES_ERROR;
				CLANG_WARN_RANGE_LOOP_ANALYSIS = YES;
				CLANG_WARN_STRICT_PROTOTYPES = YES;
				CLANG_WARN_SUSPICIOUS_MOVE = YES;
				CLANG_WARN_UNGUARDED_AVAILABILITY = YES_AGGRESSIVE;
				CLANG_WARN_UNREACHABLE_CODE = YES;
				CLANG_WARN__DUPLICATE_METHOD_MATCH = YES;
				CODE_SIGN_IDENTITY = "Mac Developer";
				COPY_PHASE_STRIP = NO;
				DEBUG_INFORMATION_FORMAT = dwarf;
				ENABLE_STRICT_OBJC_MSGSEND = YES;
				ENABLE_TESTABILITY = YES;
				GCC_C_LANGUAGE_STANDARD = gnu11;
				GCC_DYNAMIC_NO_PIC = NO;
				GCC_NO_COMMON_BLOCKS = YES;
				GCC_OPTIMIZATION_LEVEL = 0;
				GCC_PREPROCESSOR_DEFINITIONS = (
					"DEBUG=1",
					"$(inherited)",
				);
				GCC_WARN_64_TO_32_BIT_CONVERSION = YES;
				GCC_WARN_ABOUT_RETURN_TYPE = YES_ERROR;
				GCC_WARN_UNDECLARED_SELECTOR = YES;
				GCC_WARN_UNINITIALIZED_AUTOS = YES_AGGRESSIVE;
				GCC_WARN_UNUSED_FUNCTION = YES;
				GCC_WARN_UNUSED_VARIABLE = YES;
				MACOSX_DEPLOYMENT_TARGET = 10.13;
				MTL_ENABLE_DEBUG_INFO = YES;
				ONLY_ACTIVE_ARCH = YES;
				SDKROOT = macosx;
			};
			name = Debug;
		};
		3AEEF8B21FBA49FA008031D3 /* Release */ = {
			isa = XCBuildConfiguration;
			buildSettings = {
				ALWAYS_SEARCH_USER_PATHS = NO;
				CLANG_ANALYZER_NONNULL = YES;
				CLANG_ANALYZER_NUMBER_OBJECT_CONVERSION = YES_AGGRESSIVE;
				CLANG_CXX_LANGUAGE_STANDARD = "gnu++14";
				CLANG_CXX_LIBRARY = "libc++";
				CLANG_ENABLE_MODULES = YES;
				CLANG_ENABLE_OBJC_ARC = YES;
				CLANG_WARN_BLOCK_CAPTURE_AUTORELEASING = YES;
				CLANG_WARN_BOOL_CONVERSION = YES;
				CLANG_WARN_COMMA = YES;
				CLANG_WARN_CONSTANT_CONVERSION = YES;
				CLANG_WARN_DIRECT_OBJC_ISA_USAGE = YES_ERROR;
				CLANG_WARN_DOCUMENTATION_COMMENTS = YES;
				CLANG_WARN_EMPTY_BODY = YES;
				CLANG_WARN_ENUM_CONVERSION = YES;
				CLANG_WARN_INFINITE_RECURSION = YES;
				CLANG_WARN_INT_CONVERSION = YES;
				CLANG_WARN_NON_LITERAL_NULL_CONVERSION = YES;
				CLANG_WARN_OBJC_LITERAL_CONVERSION = YES;
				CLANG_WARN_OBJC_ROOT_CLASS = YES_ERROR;
				CLANG_WARN_RANGE_LOOP_ANALYSIS = YES;
				CLANG_WARN_STRICT_PROTOTYPES = YES;
				CLANG_WARN_SUSPICIOUS_MOVE = YES;
				CLANG_WARN_UNGUARDED_AVAILABILITY = YES_AGGRESSIVE;
				CLANG_WARN_UNREACHABLE_CODE = YES;
				CLANG_WARN__DUPLICATE_METHOD_MATCH = YES;
				CODE_SIGN_IDENTITY = "Mac Developer";
				COPY_PHASE_STRIP = NO;
				DEBUG_INFORMATION_FORMAT = "dwarf-with-dsym";
				ENABLE_NS_ASSERTIONS = NO;
				ENABLE_STRICT_OBJC_MSGSEND = YES;
				GCC_C_LANGUAGE_STANDARD = gnu11;
				GCC_NO_COMMON_BLOCKS = YES;
				GCC_WARN_64_TO_32_BIT_CONVERSION = YES;
				GCC_WARN_ABOUT_RETURN_TYPE = YES_ERROR;
				GCC_WARN_UNDECLARED_SELECTOR = YES;
				GCC_WARN_UNINITIALIZED_AUTOS = YES_AGGRESSIVE;
				GCC_WARN_UNUSED_FUNCTION = YES;
				GCC_WARN_UNUSED_VARIABLE = YES;
				MACOSX_DEPLOYMENT_TARGET = 10.13;
				MTL_ENABLE_DEBUG_INFO = NO;
				SDKROOT = macosx;
			};
			name = Release;
		};
		3AEEF8B41FBA49FA008031D3 /* Debug */ = {
			isa = XCBuildConfiguration;
			buildSettings = {
				CODE_SIGN_STYLE = Automatic;
				DEVELOPMENT_TEAM = 829V7AC484;
				PRODUCT_NAME = "$(TARGET_NAME)";
			};
			name = Debug;
		};
		3AEEF8B51FBA49FA008031D3 /* Release */ = {
			isa = XCBuildConfiguration;
			buildSettings = {
				CODE_SIGN_STYLE = Automatic;
				DEVELOPMENT_TEAM = 829V7AC484;
				PRODUCT_NAME = "$(TARGET_NAME)";
			};
			name = Release;
		};
/* End XCBuildConfiguration section */

/* Begin XCConfigurationList section */
		3AEEF8A71FBA49FA008031D3 /* Build configuration list for PBXProject "project" */ = {
			isa = XCConfigurationList;
			buildConfigurations = (
				3AEEF8B11FBA49FA008031D3 /* Debug */,
				3AEEF8B21FBA49FA008031D3 /* Release */,
			);
			defaultConfigurationIsVisible = 0;
			defaultConfigurationName = Release;
		};
		3AEEF8B31FBA49FA008031D3 /* Build configuration list for PBXNativeTarget "project" */ = {
			isa = XCConfigurationList;
			buildConfigurations = (
				3AEEF8B41FBA49FA008031D3 /* Debug */,
				3AEEF8B51FBA49FA008031D3 /* Release */,
			);
			defaultConfigurationIsVisible = 0;
			defaultConfigurationName = Release;
		};
/* End XCConfigurationList section */
	};
	rootObject = 3AEEF8A41FBA49FA008031D3 /* Project object */;
}
